{
  "lockfile_version": "1",
  "packages": {
    "github:NixOS/nixpkgs/nixpkgs-unstable": {
      "last_modified": "2026-04-23T13:07:47Z",
      "resolved": "github:NixOS/nixpkgs/01fbdeef22b76df85ea168fbfe1bfd9e63681b30?lastModified=1776949667&narHash=sha256-GMSVw35Q%2B294GlrTUKlx087E31z7KurReQ1YHSKp5iw%3D"
    }
  }
}
